
Microsoft Visual Studio Solution File, Format Version 12.00
# Visual Studio Version 16
VisualStudioVersion = 16.0.30907.101
MinimumVisualStudioVersion = 10.0.40219.1
Project("{FAE04EC0-301F-11D3-BF4B-00C04F79EFBC}") = "WebApplication4", "WebApplication4.csproj", "{AB9B9859-9D85-4521-AEAA-F42D3DB356B8}"
EndProject
Global
	GlobalSection(SolutionConfigurationPlatforms) = preSolution
		Debug|Any CPU = Debug|Any CPU
		Release|Any CPU = Release|Any CPU
	EndGlobalSection
	GlobalSection(ProjectConfigurationPlatforms) = postSolution
		{AB9B9859-9D85-4521-AEAA-F42D3DB356B8}.Debug|Any CPU.ActiveCfg = Debug|Any CPU
		{AB9B9859-9D85-4521-AEAA-F42D3DB356B8}.Debug|Any CPU.Build.0 = Debug|Any CPU
		{AB9B9859-9D85-4521-AEAA-F42D3DB356B8}.Release|Any CPU.ActiveCfg = Release|Any CPU
		{AB9B9859-9D85-4521-AEAA-F42D3DB356B8}.Release|Any CPU.Build.0 = Release|Any CPU
	EndGlobalSection
	GlobalSection(SolutionProperties) = preSolution
		HideSolutionNode = FALSE
	EndGlobalSection
	GlobalSection(ExtensibilityGlobals) = postSolution
		SolutionGuid = {178274BD-789C-44C8-B363-C0C1B5137B2E}
	EndGlobalSection
EndGlobal
